Microsoft Visual Studio Solution File, Format Version 11.00
# Visual Studio 2008

Project("{3C1C13D1-1A1F-AE16-5C1F-644F45D17EEE}") = "UnknowProject", "Assembly-CSharp-vs.csproj", "{4FEDCE18-EA86-2EEE-C4CA-67CCE871DB9A}"
EndProject
Project("{3C1C13D1-1A1F-AE16-5C1F-644F45D17EEE}") = "UnknowProject", "Assembly-CSharp-Editor-vs.csproj", "{528EC353-1B73-D81D-8645-29F75D2C261A}"
EndProject
Global
	GlobalSection(SolutionConfigurationPlatforms) = preSolution
		Debug|Any CPU = Debug|Any CPU
		Release|Any CPU = Release|Any CPU
	EndGlobalSection
	GlobalSection(ProjectConfigurationPlatforms) = postSolution
		{4FEDCE18-EA86-2EEE-C4CA-67CCE871DB9A}.Debug|Any CPU.ActiveCfg = Debug|Any CPU
		{4FEDCE18-EA86-2EEE-C4CA-67CCE871DB9A}.Debug|Any CPU.Build.0 = Debug|Any CPU
		{4FEDCE18-EA86-2EEE-C4CA-67CCE871DB9A}.Release|Any CPU.ActiveCfg = Release|Any CPU
		{4FEDCE18-EA86-2EEE-C4CA-67CCE871DB9A}.Release|Any CPU.Build.0 = Release|Any CPU
		{528EC353-1B73-D81D-8645-29F75D2C261A}.Debug|Any CPU.ActiveCfg = Debug|Any CPU
		{528EC353-1B73-D81D-8645-29F75D2C261A}.Debug|Any CPU.Build.0 = Debug|Any CPU
		{528EC353-1B73-D81D-8645-29F75D2C261A}.Release|Any CPU.ActiveCfg = Release|Any CPU
		{528EC353-1B73-D81D-8645-29F75D2C261A}.Release|Any CPU.Build.0 = Release|Any CPU
	EndGlobalSection
	GlobalSection(SolutionProperties) = preSolution
		HideSolutionNode = FALSE
	EndGlobalSection
																																																																																																																																					GlobalSection(MonoDevelopProperties) = preSolution
		StartupItem = Assembly-CSharp.csproj
		Policies = $0
		$0.TextStylePolicy = $1
		$1.inheritsSet = null
		$1.scope = text/x-csharp
		$0.CSharpFormattingPolicy = $2
		$2.inheritsSet = Mono
		$2.inheritsScope = text/x-csharp
		$2.scope = text/x-csharp
		$0.TextStylePolicy = $3
		$3.FileWidth = 120
		$3.TabWidth = 4
		$3.EolMarker = Unix
		$3.inheritsSet = Mono
		$3.inheritsScope = text/plain
		$3.scope = text/plain
	EndGlobalSection

EndGlobal
